
Microsoft Visual Studio Solution File, Format Version 12.00
# Visual Studio Version 16
VisualStudioVersion = 16.0.30011.22
MinimumVisualStudioVersion = 10.0.40219.1
Project("{9A19103F-16F7-4668-BE54-9A1E7A4F7556}") = "TeamAllEvents", "TeamAllEvents\TeamAllEvents.csproj", "{B840B36A-7F3C-46AE-8BC5-B6D338220446}"
EndProject
Global
	GlobalSection(SolutionConfigurationPlatforms) = preSolution
		Debug|Any CPU = Debug|Any CPU
		Release|Any CPU = Release|Any CPU
	EndGlobalSection
	GlobalSection(ProjectConfigurationPlatforms) = postSolution
		{B840B36A-7F3C-46AE-8BC5-B6D338220446}.Debug|Any CPU.ActiveCfg = Debug|Any CPU
		{B840B36A-7F3C-46AE-8BC5-B6D338220446}.Debug|Any CPU.Build.0 = Debug|Any CPU
		{B840B36A-7F3C-46AE-8BC5-B6D338220446}.Release|Any CPU.ActiveCfg = Release|Any CPU
		{B840B36A-7F3C-46AE-8BC5-B6D338220446}.Release|Any CPU.Build.0 = Release|Any CPU
	EndGlobalSection
	GlobalSection(SolutionProperties) = preSolution
		HideSolutionNode = FALSE
	EndGlobalSection
	GlobalSection(ExtensibilityGlobals) = postSolution
		SolutionGuid = {FC24DD88-A4D3-4A68-AF3B-623231A74D31}
	EndGlobalSection
	GlobalSection(TeamFoundationVersionControl) = preSolution
		SccNumberOfProjects = 2
		SccEnterpriseProvider = {4CA58AB2-18FA-4F8D-95D4-32DDF27D184C}
		SccTeamFoundationServer = https://rpgcor.visualstudio.com/
		SccLocalPath0 = .
		SccProjectUniqueName1 = TeamAllEvents\\TeamAllEvents.csproj
		SccProjectName1 = TeamAllEvents
		SccLocalPath1 = TeamAllEvents
	EndGlobalSection
EndGlobal
